{
    "_readme": [
        "This file locks the dependencies of your project to a known state",
        "Read more about it at http://getcomposer.org/doc/01-basic-usage.md#composer-lock-the-lock-file",
        "This file is @generated automatically"
    ],
    "hash": "d4b707990cf2598c5e4da9488ee0c145",
    "packages": [
        {
            "name": "adyg/php-imgur-api-client",
            "version": "1.0.0",
            "source": {
                "type": "git",
                "url": "https://github.com/Adyg/php-imgur-api-client.git",
                "reference": "9b617984faf66bde400d028289c3794529cbbc99"
            },
            "dist": {
                "type": "zip",
                "url": "https://api.github.com/repos/Adyg/php-imgur-api-client/zipball/9b617984faf66bde400d028289c3794529cbbc99",
                "reference": "9b617984faf66bde400d028289c3794529cbbc99",
                "shasum": ""
            },
            "require": {
                "ext-curl": "*",
                "guzzle/guzzle": ">=3.7",
                "php": ">=5.3.2"
            },
            "type": "library",
            "autoload": {
                "psr-0": {
                    "Imgur\\": "lib/"
                }
            },
            "notification-url": "https://packagist.org/downloads/",
            "license": [
                "MIT"
            ],
            "authors": [
                {
                    "name": "Adrian Ghiuta",
                    "email": "adrian.ghiuta@gmail.com",
                    "homepage": "http://adyg.github.com"
                }
            ],
            "description": "Imgur API v3 client",
            "homepage": "https://github.com/Adyg/php-imgur-api-client",
            "keywords": [
                "api",
                "imgur"
            ],
            "time": "2014-02-18 13:57:27"
        },
        {
            "name": "connorvg/laravel-wolframalpha",
            "version": "dev-master",
            "source": {
                "type": "git",
                "url": "https://github.com/ConnorVG/Laravel-WolframAlpha.git",
                "reference": "184a5c07a26b12bfd4a1775ce24a49f5fb09b94d"
            },
            "dist": {
                "type": "zip",
                "url": "https://api.github.com/repos/ConnorVG/Laravel-WolframAlpha/zipball/184a5c07a26b12bfd4a1775ce24a49f5fb09b94d",
                "reference": "184a5c07a26b12bfd4a1775ce24a49f5fb09b94d",
                "shasum": ""
            },
            "require": {
                "php": ">=5.3.0"
            },
            "suggest": {
                "connorvg/laravel-permissions": "A Laravel permissions package that uses keys rather than roles",
                "connorvg/php-slack": "A PHP implementation for the Slack API w/ Laravel binds",
                "connorvg/php-wtf": "A PHP implementation of my WholeTextFunctions library"
            },
            "type": "library",
            "autoload": {
                "psr-4": {
                    "ConnorVG\\WolframAlpha\\": "src/"
                }
            },
            "notification-url": "https://packagist.org/downloads/",
            "license": [
                "BSD"
            ],
            "authors": [
                {
                    "name": "Connor Parks",
                    "email": "connorvg@gmx.com"
                }
            ],
            "description": "A Laravel wrapper for the Wolfram|Alpha API.",
            "keywords": [
                "laravel",
                "wolfram",
                "wolframalpha"
            ],
            "time": "2014-03-18 13:14:03"
        },
        {
            "name": "devristo/phpws",
            "version": "dev-master",
            "source": {
                "type": "git",
                "url": "https://github.com/Devristo/phpws.git",
                "reference": "50915e59451a0a76f44868648bd8c1196d47d477"
            },
            "dist": {
                "type": "zip",
                "url": "https://api.github.com/repos/Devristo/phpws/zipball/50915e59451a0a76f44868648bd8c1196d47d477",
                "reference": "50915e59451a0a76f44868648bd8c1196d47d477",
                "shasum": ""
            },
            "require": {
                "react/socket": "0.4.*",
                "react/socket-client": "0.4.*",
                "zendframework/zend-http": "2.*",
                "zendframework/zend-log": "2.*"
            },
            "type": "library",
            "autoload": {
                "psr-0": {
                    "Devristo\\Phpws\\": "src/"
                }
            },
            "notification-url": "https://packagist.org/downloads/",
            "authors": [
                {
                    "name": "Devristo",
                    "email": "chris@devristo.com"
                }
            ],
            "description": "WebSocket Server and Client library for PHP",
            "time": "2014-11-13 19:27:18"
        },
        {
            "name": "evenement/evenement",
            "version": "v2.0.0",
            "source": {
                "type": "git",
                "url": "https://github.com/igorw/evenement.git",
                "reference": "f6e843799fd4f4184d54d8fc7b5b3551c9fa803e"
            },
            "dist": {
                "type": "zip",
                "url": "https://api.github.com/repos/igorw/evenement/zipball/f6e843799fd4f4184d54d8fc7b5b3551c9fa803e",
                "reference": "f6e843799fd4f4184d54d8fc7b5b3551c9fa803e",
                "shasum": ""
            },
            "require": {
                "php": ">=5.4.0"
            },
            "type": "library",
            "extra": {
                "branch-alias": {
                    "dev-master": "2.0-dev"
                }
            },
            "autoload": {
                "psr-0": {
                    "Evenement": "src"
                }
            },
            "notification-url": "https://packagist.org/downloads/",
            "license": [
                "MIT"
            ],
            "authors": [
                {
                    "name": "Igor Wiedler",
                    "email": "igor@wiedler.ch",
                    "homepage": "http://wiedler.ch/igor/"
                }
            ],
            "description": "Événement is a very simple event dispatching library for PHP",
            "keywords": [
                "event-dispatcher",
                "event-emitter"
            ],
            "time": "2012-11-02 14:49:47"
        },
        {
            "name": "frlnc/php-slack",
            "version": "1.0.0",
            "source": {
                "type": "git",
                "url": "https://github.com/Frlnc/php-slack.git",
                "reference": "afb2e4ba36d978d06d5308ebdd14c4e3cd3293f9"
            },
            "dist": {
                "type": "zip",
                "url": "https://api.github.com/repos/Frlnc/php-slack/zipball/afb2e4ba36d978d06d5308ebdd14c4e3cd3293f9",
                "reference": "afb2e4ba36d978d06d5308ebdd14c4e3cd3293f9",
                "shasum": ""
            },
            "require": {
                "php": ">=5.4.0"
            },
            "require-dev": {
                "mockery/mockery": "~0.9",
                "phpunit/phpunit": "~4.0"
            },
            "type": "library",
            "autoload": {
                "psr-4": {
                    "Frlnc\\Slack\\": "src/"
                }
            },
            "notification-url": "https://packagist.org/downloads/",
            "license": [
                "MIT"
            ],
            "authors": [
                {
                    "name": "Connor Parks",
                    "email": "connor@connorvg.tv"
                }
            ],
            "description": "A lightweight PHP implementation of Slack's API.",
            "keywords": [
                "slack"
            ],
            "time": "2014-09-28 16:58:11"
        },
        {
            "name": "guzzle/guzzle",
            "version": "v3.9.2",
            "source": {
                "type": "git",
                "url": "https://github.com/guzzle/guzzle3.git",
                "reference": "54991459675c1a2924122afbb0e5609ade581155"
            },
            "dist": {
                "type": "zip",
                "url": "https://api.github.com/repos/guzzle/guzzle3/zipball/54991459675c1a2924122afbb0e5609ade581155",
                "reference": "54991459675c1a2924122afbb0e5609ade581155",
                "shasum": ""
            },
            "require": {
                "ext-curl": "*",
                "php": ">=5.3.3",
                "symfony/event-dispatcher": "~2.1"
            },
            "replace": {
                "guzzle/batch": "self.version",
                "guzzle/cache": "self.version",
                "guzzle/common": "self.version",
                "guzzle/http": "self.version",
                "guzzle/inflection": "self.version",
                "guzzle/iterator": "self.version",
                "guzzle/log": "self.version",
                "guzzle/parser": "self.version",
                "guzzle/plugin": "self.version",
                "guzzle/plugin-async": "self.version",
                "guzzle/plugin-backoff": "self.version",
                "guzzle/plugin-cache": "self.version",
                "guzzle/plugin-cookie": "self.version",
                "guzzle/plugin-curlauth": "self.version",
                "guzzle/plugin-error-response": "self.version",
                "guzzle/plugin-history": "self.version",
                "guzzle/plugin-log": "self.version",
                "guzzle/plugin-md5": "self.version",
                "guzzle/plugin-mock": "self.version",
                "guzzle/plugin-oauth": "self.version",
                "guzzle/service": "self.version",
                "guzzle/stream": "self.version"
            },
            "require-dev": {
                "doctrine/cache": "~1.3",
                "monolog/monolog": "~1.0",
                "phpunit/phpunit": "3.7.*",
                "psr/log": "~1.0",
                "symfony/class-loader": "~2.1",
                "zendframework/zend-cache": "2.*,<2.3",
                "zendframework/zend-log": "2.*,<2.3"
            },
            "type": "library",
            "extra": {
                "branch-alias": {
                    "dev-master": "3.9-dev"
                }
            },
            "autoload": {
                "psr-0": {
                    "Guzzle": "src/",
                    "Guzzle\\Tests": "tests/"
                }
            },
            "notification-url": "https://packagist.org/downloads/",
            "license": [
                "MIT"
            ],
            "authors": [
                {
                    "name": "Michael Dowling",
                    "email": "mtdowling@gmail.com",
                    "homepage": "https://github.com/mtdowling"
                },
                {
                    "name": "Guzzle Community",
                    "homepage": "https://github.com/guzzle/guzzle/contributors"
                }
            ],
            "description": "Guzzle is a PHP HTTP client library and framework for building RESTful web service clients",
            "homepage": "http://guzzlephp.org/",
            "keywords": [
                "client",
                "curl",
                "framework",
                "http",
                "http client",
                "rest",
                "web service"
            ],
            "time": "2014-08-11 04:32:36"
        },
        {
            "name": "react/cache",
            "version": "v0.4.0",
            "source": {
                "type": "git",
                "url": "https://github.com/reactphp/cache.git",
                "reference": "9882ab5d8b00617baae83c6996f5a34668c11beb"
            },
            "dist": {
                "type": "zip",
                "url": "https://api.github.com/repos/reactphp/cache/zipball/9882ab5d8b00617baae83c6996f5a34668c11beb",
                "reference": "9882ab5d8b00617baae83c6996f5a34668c11beb",
                "shasum": ""
            },
            "require": {
                "php": ">=5.4.0",
                "react/promise": "~2.0"
            },
            "type": "library",
            "extra": {
                "branch-alias": {
                    "dev-master": "0.4-dev"
                }
            },
            "autoload": {
                "psr-4": {
                    "React\\Cache\\": ""
                }
            },
            "notification-url": "https://packagist.org/downloads/",
            "license": [
                "MIT"
            ],
            "description": "Async caching.",
            "keywords": [
                "cache"
            ],
            "time": "2014-02-02 01:11:26"
        },
        {
            "name": "react/dns",
            "version": "v0.4.1",
            "source": {
                "type": "git",
                "url": "https://github.com/reactphp/dns.git",
                "reference": "8c5ccc35dcb4b06b70eb9201842363fac7b0f3cf"
            },
            "dist": {
                "type": "zip",
                "url": "https://api.github.com/repos/reactphp/dns/zipball/8c5ccc35dcb4b06b70eb9201842363fac7b0f3cf",
                "reference": "8c5ccc35dcb4b06b70eb9201842363fac7b0f3cf",
                "shasum": ""
            },
            "require": {
                "php": ">=5.4.0",
                "react/cache": "0.4.*",
                "react/promise": "~2.0",
                "react/socket": "0.4.*"
            },
            "type": "library",
            "extra": {
                "branch-alias": {
                    "dev-master": "0.4-dev"
                }
            },
            "autoload": {
                "psr-4": {
                    "React\\Dns\\": ""
                }
            },
            "notification-url": "https://packagist.org/downloads/",
            "license": [
                "MIT"
            ],
            "description": "Async DNS resolver.",
            "keywords": [
                "dns",
                "dns-resolver"
            ],
            "time": "2014-04-12 14:09:10"
        },
        {
            "name": "react/event-loop",
            "version": "v0.4.1",
            "source": {
                "type": "git",
                "url": "https://github.com/reactphp/event-loop.git",
                "reference": "18c5297087ca01de85518e2b55078f444144aa1b"
            },
            "dist": {
                "type": "zip",
                "url": "https://api.github.com/repos/reactphp/event-loop/zipball/18c5297087ca01de85518e2b55078f444144aa1b",
                "reference": "18c5297087ca01de85518e2b55078f444144aa1b",
                "shasum": ""
            },
            "require": {
                "php": ">=5.4.0"
            },
            "suggest": {
                "ext-event": "~1.0",
                "ext-libev": "*",
                "ext-libevent": ">=0.1.0"
            },
            "type": "library",
            "extra": {
                "branch-alias": {
                    "dev-master": "0.4-dev"
                }
            },
            "autoload": {
                "psr-4": {
                    "React\\EventLoop\\": ""
                }
            },
            "notification-url": "https://packagist.org/downloads/",
            "license": [
                "MIT"
            ],
            "description": "Event loop abstraction layer that libraries can use for evented I/O.",
            "keywords": [
                "event-loop"
            ],
            "time": "2014-02-26 17:36:58"
        },
        {
            "name": "react/promise",
            "version": "v2.2.0",
            "source": {
                "type": "git",
                "url": "https://github.com/reactphp/promise.git",
                "reference": "365fcee430dfa4ace1fbc75737ca60ceea7eeeef"
            },
            "dist": {
                "type": "zip",
                "url": "https://api.github.com/repos/reactphp/promise/zipball/365fcee430dfa4ace1fbc75737ca60ceea7eeeef",
                "reference": "365fcee430dfa4ace1fbc75737ca60ceea7eeeef",
                "shasum": ""
            },
            "require": {
                "php": ">=5.4.0"
            },
            "type": "library",
            "extra": {
                "branch-alias": {
                    "dev-master": "2.0-dev"
                }
            },
            "autoload": {
                "psr-4": {
                    "React\\Promise\\": "src/"
                },
                "files": [
                    "src/functions_include.php"
                ]
            },
            "notification-url": "https://packagist.org/downloads/",
            "license": [
                "MIT"
            ],
            "authors": [
                {
                    "name": "Jan Sorgalla",
                    "email": "jsorgalla@googlemail.com"
                }
            ],
            "description": "A lightweight implementation of CommonJS Promises/A for PHP",
            "time": "2014-12-30 13:32:42"
        },
        {
            "name": "react/socket",
            "version": "v0.4.2",
            "source": {
                "type": "git",
                "url": "https://github.com/reactphp/socket.git",
                "reference": "a6acf405ca53fc6cfbfe7c77778ededff46aa7cc"
            },
            "dist": {
                "type": "zip",
                "url": "https://api.github.com/repos/reactphp/socket/zipball/a6acf405ca53fc6cfbfe7c77778ededff46aa7cc",
                "reference": "a6acf405ca53fc6cfbfe7c77778ededff46aa7cc",
                "shasum": ""
            },
            "require": {
                "evenement/evenement": "~2.0",
                "php": ">=5.4.0",
                "react/event-loop": "0.4.*",
                "react/stream": "0.4.*"
            },
            "type": "library",
            "extra": {
                "branch-alias": {
                    "dev-master": "0.4-dev"
                }
            },
            "autoload": {
                "psr-4": {
                    "React\\Socket\\": "src"
                }
            },
            "notification-url": "https://packagist.org/downloads/",
            "license": [
                "MIT"
            ],
            "description": "Library for building an evented socket server.",
            "keywords": [
                "Socket"
            ],
            "time": "2014-05-25 17:02:16"
        },
        {
            "name": "react/socket-client",
            "version": "v0.4.2",
            "source": {
                "type": "git",
                "url": "https://github.com/reactphp/socket-client.git",
                "reference": "5b4ccbb9071f81280f20971cccd2abe980d027ca"
            },
            "dist": {
                "type": "zip",
                "url": "https://api.github.com/repos/reactphp/socket-client/zipball/5b4ccbb9071f81280f20971cccd2abe980d027ca",
                "reference": "5b4ccbb9071f81280f20971cccd2abe980d027ca",
                "shasum": ""
            },
            "require": {
                "php": ">=5.4.0",
                "react/dns": "0.4.*",
                "react/event-loop": "0.4.*",
                "react/promise": "~2.0",
                "react/stream": "0.4.*"
            },
            "type": "library",
            "extra": {
                "branch-alias": {
                    "dev-master": "0.4-dev"
                }
            },
            "autoload": {
                "psr-4": {
                    "React\\SocketClient\\": "src"
                }
            },
            "notification-url": "https://packagist.org/downloads/",
            "license": [
                "MIT"
            ],
            "description": "Async connector to open TCP/IP and SSL/TLS based connections.",
            "keywords": [
                "Socket"
            ],
            "time": "2014-10-16 22:23:10"
        },
        {
            "name": "react/stream",
            "version": "v0.4.2",
            "source": {
                "type": "git",
                "url": "https://github.com/reactphp/stream.git",
                "reference": "acc7a5fec02e0aea674560e1d13c40ed0c8c5465"
            },
            "dist": {
                "type": "zip",
                "url": "https://api.github.com/repos/reactphp/stream/zipball/acc7a5fec02e0aea674560e1d13c40ed0c8c5465",
                "reference": "acc7a5fec02e0aea674560e1d13c40ed0c8c5465",
                "shasum": ""
            },
            "require": {
                "evenement/evenement": "~2.0",
                "php": ">=5.4.0"
            },
            "require-dev": {
                "react/event-loop": "0.4.*",
                "react/promise": "~2.0"
            },
            "suggest": {
                "react/event-loop": "0.4.*",
                "react/promise": "~2.0"
            },
            "type": "library",
            "extra": {
                "branch-alias": {
                    "dev-master": "0.5-dev"
                }
            },
            "autoload": {
                "psr-4": {
                    "React\\Stream\\": "src"
                }
            },
            "notification-url": "https://packagist.org/downloads/",
            "license": [
                "MIT"
            ],
            "description": "Basic readable and writable stream interfaces that support piping.",
            "keywords": [
                "pipe",
                "stream"
            ],
            "time": "2014-09-10 03:32:31"
        },
        {
            "name": "symfony/event-dispatcher",
            "version": "v2.6.1",
            "target-dir": "Symfony/Component/EventDispatcher",
            "source": {
                "type": "git",
                "url": "https://github.com/symfony/EventDispatcher.git",
                "reference": "720fe9bca893df7ad1b4546649473b5afddf0216"
            },
            "dist": {
                "type": "zip",
                "url": "https://api.github.com/repos/symfony/EventDispatcher/zipball/720fe9bca893df7ad1b4546649473b5afddf0216",
                "reference": "720fe9bca893df7ad1b4546649473b5afddf0216",
                "shasum": ""
            },
            "require": {
                "php": ">=5.3.3"
            },
            "require-dev": {
                "psr/log": "~1.0",
                "symfony/config": "~2.0",
                "symfony/dependency-injection": "~2.6",
                "symfony/expression-language": "~2.6",
                "symfony/stopwatch": "~2.2"
            },
            "suggest": {
                "symfony/dependency-injection": "",
                "symfony/http-kernel": ""
            },
            "type": "library",
            "extra": {
                "branch-alias": {
                    "dev-master": "2.6-dev"
                }
            },
            "autoload": {
                "psr-0": {
                    "Symfony\\Component\\EventDispatcher\\": ""
                }
            },
            "notification-url": "https://packagist.org/downloads/",
            "license": [
                "MIT"
            ],
            "authors": [
                {
                    "name": "Symfony Community",
                    "homepage": "http://symfony.com/contributors"
                },
                {
                    "name": "Fabien Potencier",
                    "email": "fabien@symfony.com"
                }
            ],
            "description": "Symfony EventDispatcher Component",
            "homepage": "http://symfony.com",
            "time": "2014-12-02 20:19:20"
        },
        {
            "name": "wapmorgan/time-parser",
            "version": "dev-master",
            "source": {
                "type": "git",
                "url": "https://github.com/wapmorgan/TimeParser.git",
                "reference": "237af5d8a6a2e78f09d64db0a1bd4c3204f8fe91"
            },
            "dist": {
                "type": "zip",
                "url": "https://api.github.com/repos/wapmorgan/TimeParser/zipball/237af5d8a6a2e78f09d64db0a1bd4c3204f8fe91",
                "reference": "237af5d8a6a2e78f09d64db0a1bd4c3204f8fe91",
                "shasum": ""
            },
            "type": "library",
            "autoload": {
                "psr-4": {
                    "wapmorgan\\TimeParser\\": "src/"
                }
            },
            "notification-url": "https://packagist.org/downloads/",
            "description": "is a parser for date & time written in natural language*.",
            "time": "2014-12-06 10:10:26"
        },
        {
            "name": "yiiext/migrate-command",
            "version": "dev-master",
            "source": {
                "type": "git",
                "url": "https://github.com/yiiext/migrate-command.git",
                "reference": "9191b9b6624620c3c6a41f0867e06f22e2c77004"
            },
            "dist": {
                "type": "zip",
                "url": "https://api.github.com/repos/yiiext/migrate-command/zipball/9191b9b6624620c3c6a41f0867e06f22e2c77004",
                "reference": "9191b9b6624620c3c6a41f0867e06f22e2c77004",
                "shasum": ""
            },
            "require": {
                "php": ">=5.1.0",
                "yiisoft/yii": "1.1.*"
            },
            "type": "yii-extension",
            "notification-url": "https://packagist.org/downloads/",
            "license": [
                "BSD-3-Clause"
            ],
            "authors": [
                {
                    "name": "Carsten Brandt",
                    "email": "mail@cebe.cc"
                }
            ],
            "description": "This is an enhanced version of the Yii Database Migration Tool that adds module support and many more usefull features.",
            "homepage": "https://github.com/yiiext/migrate-command",
            "keywords": [
                "database-migration",
                "extension",
                "yii"
            ],
            "time": "2014-12-01 16:44:09"
        },
        {
            "name": "yiisoft/yii",
            "version": "1.1.16",
            "source": {
                "type": "git",
                "url": "https://github.com/yiisoft/yii.git",
                "reference": "bca0420b6799b0b2a7966aa90bcd15cb4aa73563"
            },
            "dist": {
                "type": "zip",
                "url": "https://api.github.com/repos/yiisoft/yii/zipball/bca0420b6799b0b2a7966aa90bcd15cb4aa73563",
                "reference": "bca0420b6799b0b2a7966aa90bcd15cb4aa73563",
                "shasum": ""
            },
            "require": {
                "php": ">=5.1.0"
            },
            "bin": [
                "framework/yiic"
            ],
            "type": "library",
            "autoload": {
                "classmap": [
                    "framework/YiiBase.php",
                    "framework/yii.php"
                ]
            },
            "notification-url": "https://packagist.org/downloads/",
            "license": [
                "BSD-3-Clause"
            ],
            "authors": [
                {
                    "name": "Qiang Xue",
                    "email": "qiang.xue@gmail.com",
                    "homepage": "http://www.yiiframework.com/",
                    "role": "Founder and project lead"
                },
                {
                    "name": "Alexander Makarov",
                    "email": "sam@rmcreative.ru",
                    "homepage": "http://rmcreative.ru/",
                    "role": "Core framework development"
                },
                {
                    "name": "Maurizio Domba",
                    "homepage": "http://mdomba.info/",
                    "role": "Core framework development"
                },
                {
                    "name": "Carsten Brandt",
                    "email": "mail@cebe.cc",
                    "homepage": "http://cebe.cc/",
                    "role": "Core framework development"
                },
                {
                    "name": "Wei Zhuo",
                    "email": "weizhuo@gmail.com",
                    "role": "Project site maintenance and development"
                },
                {
                    "name": "Sebastián Thierer",
                    "email": "sebas@artfos.com",
                    "role": "Component development"
                },
                {
                    "name": "Jeffrey Winesett",
                    "email": "jefftulsa@gmail.com",
                    "role": "Documentation and marketing"
                },
                {
                    "name": "Timur Ruziev",
                    "email": "resurtm@gmail.com",
                    "homepage": "http://resurtm.com/",
                    "role": "Core framework development"
                },
                {
                    "name": "Paul Klimov",
                    "email": "klimov.paul@gmail.com",
                    "role": "Core framework development"
                }
            ],
            "description": "Yii Web Programming Framework",
            "homepage": "http://www.yiiframework.com/",
            "keywords": [
                "framework",
                "yii"
            ],
            "time": "2014-12-21 19:30:17"
        },
        {
            "name": "zendframework/zend-escaper",
            "version": "2.3.3",
            "target-dir": "Zend/Escaper",
            "source": {
                "type": "git",
                "url": "https://github.com/zendframework/Component_ZendEscaper.git",
                "reference": "c24949840766a544489bfc303714e1f332341010"
            },
            "dist": {
                "type": "zip",
                "url": "https://api.github.com/repos/zendframework/Component_ZendEscaper/zipball/c24949840766a544489bfc303714e1f332341010",
                "reference": "c24949840766a544489bfc303714e1f332341010",
                "shasum": ""
            },
            "require": {
                "php": ">=5.3.23"
            },
            "type": "library",
            "extra": {
                "branch-alias": {
                    "dev-master": "2.3-dev",
                    "dev-develop": "2.4-dev"
                }
            },
            "autoload": {
                "psr-0": {
                    "Zend\\Escaper\\": ""
                }
            },
            "notification-url": "https://packagist.org/downloads/",
            "license": [
                "BSD-3-Clause"
            ],
            "homepage": "https://github.com/zendframework/zf2",
            "keywords": [
                "escaper",
                "zf2"
            ],
            "time": "2014-09-16 22:58:11"
        },
        {
            "name": "zendframework/zend-http",
            "version": "2.3.3",
            "target-dir": "Zend/Http",
            "source": {
                "type": "git",
                "url": "https://github.com/zendframework/Component_ZendHttp.git",
                "reference": "00bc1e563e3da53825c423e5d889961a9fb58fe9"
            },
            "dist": {
                "type": "zip",
                "url": "https://api.github.com/repos/zendframework/Component_ZendHttp/zipball/00bc1e563e3da53825c423e5d889961a9fb58fe9",
                "reference": "00bc1e563e3da53825c423e5d889961a9fb58fe9",
                "shasum": ""
            },
            "require": {
                "php": ">=5.3.23",
                "zendframework/zend-loader": "self.version",
                "zendframework/zend-stdlib": "self.version",
                "zendframework/zend-uri": "self.version",
                "zendframework/zend-validator": "self.version"
            },
            "type": "library",
            "extra": {
                "branch-alias": {
                    "dev-master": "2.3-dev",
                    "dev-develop": "2.4-dev"
                }
            },
            "autoload": {
                "psr-0": {
                    "Zend\\Http\\": ""
                }
            },
            "notification-url": "https://packagist.org/downloads/",
            "license": [
                "BSD-3-Clause"
            ],
            "description": "provides an easy interface for performing Hyper-Text Transfer Protocol (HTTP) requests",
            "homepage": "https://github.com/zendframework/zf2",
            "keywords": [
                "http",
                "zf2"
            ],
            "time": "2014-09-16 22:58:11"
        },
        {
            "name": "zendframework/zend-loader",
            "version": "2.3.3",
            "target-dir": "Zend/Loader",
            "source": {
                "type": "git",
                "url": "https://github.com/zendframework/Component_ZendLoader.git",
                "reference": "74b982c0fc89fd1eb3350ccab130243f9bfe2654"
            },
            "dist": {
                "type": "zip",
                "url": "https://api.github.com/repos/zendframework/Component_ZendLoader/zipball/74b982c0fc89fd1eb3350ccab130243f9bfe2654",
                "reference": "74b982c0fc89fd1eb3350ccab130243f9bfe2654",
                "shasum": ""
            },
            "require": {
                "php": ">=5.3.23"
            },
            "type": "library",
            "extra": {
                "branch-alias": {
                    "dev-master": "2.3-dev",
                    "dev-develop": "2.4-dev"
                }
            },
            "autoload": {
                "psr-0": {
                    "Zend\\Loader\\": ""
                }
            },
            "notification-url": "https://packagist.org/downloads/",
            "license": [
                "BSD-3-Clause"
            ],
            "homepage": "https://github.com/zendframework/zf2",
            "keywords": [
                "loader",
                "zf2"
            ],
            "time": "2014-09-16 22:58:11"
        },
        {
            "name": "zendframework/zend-log",
            "version": "2.3.3",
            "target-dir": "Zend/Log",
            "source": {
                "type": "git",
                "url": "https://github.com/zendframework/Component_ZendLog.git",
                "reference": "7c8c83be87dabf133812c17a99bb8a8522c155d1"
            },
            "dist": {
                "type": "zip",
                "url": "https://api.github.com/repos/zendframework/Component_ZendLog/zipball/7c8c83be87dabf133812c17a99bb8a8522c155d1",
                "reference": "7c8c83be87dabf133812c17a99bb8a8522c155d1",
                "shasum": ""
            },
            "require": {
                "php": ">=5.3.23",
                "zendframework/zend-servicemanager": "self.version",
                "zendframework/zend-stdlib": "self.version"
            },
            "require-dev": {
                "zendframework/zend-console": "self.version",
                "zendframework/zend-db": "self.version",
                "zendframework/zend-escaper": "self.version",
                "zendframework/zend-mail": "self.version",
                "zendframework/zend-validator": "self.version"
            },
            "suggest": {
                "ext-mongo": "*",
                "zendframework/zend-console": "Zend\\Console component",
                "zendframework/zend-db": "Zend\\Db component",
                "zendframework/zend-escaper": "Zend\\Escaper component, for use in the XML formatter",
                "zendframework/zend-mail": "Zend\\Mail component",
                "zendframework/zend-validator": "Zend\\Validator component"
            },
            "type": "library",
            "extra": {
                "branch-alias": {
                    "dev-master": "2.3-dev",
                    "dev-develop": "2.4-dev"
                }
            },
            "autoload": {
                "psr-0": {
                    "Zend\\Log\\": ""
                }
            },
            "notification-url": "https://packagist.org/downloads/",
            "license": [
                "BSD-3-Clause"
            ],
            "description": "component for general purpose logging",
            "homepage": "https://github.com/zendframework/zf2",
            "keywords": [
                "log",
                "logging",
                "zf2"
            ],
            "time": "2014-09-16 22:58:11"
        },
        {
            "name": "zendframework/zend-servicemanager",
            "version": "2.3.3",
            "target-dir": "Zend/ServiceManager",
            "source": {
                "type": "git",
                "url": "https://github.com/zendframework/Component_ZendServiceManager.git",
                "reference": "559403e4fd10db2516641f20f129a568d7e6a993"
            },
            "dist": {
                "type": "zip",
                "url": "https://api.github.com/repos/zendframework/Component_ZendServiceManager/zipball/559403e4fd10db2516641f20f129a568d7e6a993",
                "reference": "559403e4fd10db2516641f20f129a568d7e6a993",
                "shasum": ""
            },
            "require": {
                "php": ">=5.3.23"
            },
            "require-dev": {
                "zendframework/zend-di": "self.version"
            },
            "suggest": {
                "zendframework/zend-di": "Zend\\Di component"
            },
            "type": "library",
            "extra": {
                "branch-alias": {
                    "dev-master": "2.3-dev",
                    "dev-develop": "2.4-dev"
                }
            },
            "autoload": {
                "psr-0": {
                    "Zend\\ServiceManager\\": ""
                }
            },
            "notification-url": "https://packagist.org/downloads/",
            "license": [
                "BSD-3-Clause"
            ],
            "homepage": "https://github.com/zendframework/zf2",
            "keywords": [
                "servicemanager",
                "zf2"
            ],
            "time": "2014-09-16 22:58:11"
        },
        {
            "name": "zendframework/zend-stdlib",
            "version": "2.3.3",
            "target-dir": "Zend/Stdlib",
            "source": {
                "type": "git",
                "url": "https://github.com/zendframework/Component_ZendStdlib.git",
                "reference": "fa33e6647f830d0d2a1cb451efcdfe1bb9a66c33"
            },
            "dist": {
                "type": "zip",
                "url": "https://api.github.com/repos/zendframework/Component_ZendStdlib/zipball/fa33e6647f830d0d2a1cb451efcdfe1bb9a66c33",
                "reference": "fa33e6647f830d0d2a1cb451efcdfe1bb9a66c33",
                "shasum": ""
            },
            "require": {
                "php": ">=5.3.23"
            },
            "require-dev": {
                "zendframework/zend-eventmanager": "self.version",
                "zendframework/zend-serializer": "self.version",
                "zendframework/zend-servicemanager": "self.version"
            },
            "suggest": {
                "zendframework/zend-eventmanager": "To support aggregate hydrator usage",
                "zendframework/zend-serializer": "Zend\\Serializer component",
                "zendframework/zend-servicemanager": "To support hydrator plugin manager usage"
            },
            "type": "library",
            "extra": {
                "branch-alias": {
                    "dev-master": "2.3-dev",
                    "dev-develop": "2.4-dev"
                }
            },
            "autoload": {
                "psr-0": {
                    "Zend\\Stdlib\\": ""
                }
            },
            "notification-url": "https://packagist.org/downloads/",
            "license": [
                "BSD-3-Clause"
            ],
            "homepage": "https://github.com/zendframework/zf2",
            "keywords": [
                "stdlib",
                "zf2"
            ],
            "time": "2014-09-16 22:58:11"
        },
        {
            "name": "zendframework/zend-uri",
            "version": "2.3.3",
            "target-dir": "Zend/Uri",
            "source": {
                "type": "git",
                "url": "https://github.com/zendframework/Component_ZendUri.git",
                "reference": "2a62a92888d7cbae1177fa5f58b0bfcf717aea53"
            },
            "dist": {
                "type": "zip",
                "url": "https://api.github.com/repos/zendframework/Component_ZendUri/zipball/2a62a92888d7cbae1177fa5f58b0bfcf717aea53",
                "reference": "2a62a92888d7cbae1177fa5f58b0bfcf717aea53",
                "shasum": ""
            },
            "require": {
                "php": ">=5.3.23",
                "zendframework/zend-escaper": "self.version",
                "zendframework/zend-validator": "self.version"
            },
            "type": "library",
            "extra": {
                "branch-alias": {
                    "dev-master": "2.3-dev",
                    "dev-develop": "2.4-dev"
                }
            },
            "autoload": {
                "psr-0": {
                    "Zend\\Uri\\": ""
                }
            },
            "notification-url": "https://packagist.org/downloads/",
            "license": [
                "BSD-3-Clause"
            ],
            "description": "a component that aids in manipulating and validating » Uniform Resource Identifiers (URIs)",
            "homepage": "https://github.com/zendframework/zf2",
            "keywords": [
                "uri",
                "zf2"
            ],
            "time": "2014-09-16 22:58:11"
        },
        {
            "name": "zendframework/zend-validator",
            "version": "2.3.3",
            "target-dir": "Zend/Validator",
            "source": {
                "type": "git",
                "url": "https://github.com/zendframework/Component_ZendValidator.git",
                "reference": "2881dfaff8452d8cbdaa8ad8a9faccce9843fc6a"
            },
            "dist": {
                "type": "zip",
                "url": "https://api.github.com/repos/zendframework/Component_ZendValidator/zipball/2881dfaff8452d8cbdaa8ad8a9faccce9843fc6a",
                "reference": "2881dfaff8452d8cbdaa8ad8a9faccce9843fc6a",
                "shasum": ""
            },
            "require": {
                "php": ">=5.3.23",
                "zendframework/zend-stdlib": "self.version"
            },
            "require-dev": {
                "zendframework/zend-db": "self.version",
                "zendframework/zend-filter": "self.version",
                "zendframework/zend-i18n": "self.version",
                "zendframework/zend-math": "self.version",
                "zendframework/zend-servicemanager": "self.version",
                "zendframework/zend-session": "self.version",
                "zendframework/zend-uri": "self.version"
            },
            "suggest": {
                "zendframework/zend-db": "Zend\\Db component",
                "zendframework/zend-filter": "Zend\\Filter component, required by the Digits validator",
                "zendframework/zend-i18n": "Zend\\I18n component to allow translation of validation error messages as well as to use the various Date validators",
                "zendframework/zend-math": "Zend\\Math component",
                "zendframework/zend-resources": "Translations of validator messages",
                "zendframework/zend-servicemanager": "Zend\\ServiceManager component to allow using the ValidatorPluginManager and validator chains",
                "zendframework/zend-session": "Zend\\Session component",
                "zendframework/zend-uri": "Zend\\Uri component, required by the Uri and Sitemap\\Loc validators"
            },
            "type": "library",
            "extra": {
                "branch-alias": {
                    "dev-master": "2.3-dev",
                    "dev-develop": "2.4-dev"
                }
            },
            "autoload": {
                "psr-0": {
                    "Zend\\Validator\\": ""
                }
            },
            "notification-url": "https://packagist.org/downloads/",
            "license": [
                "BSD-3-Clause"
            ],
            "description": "provides a set of commonly needed validators",
            "homepage": "https://github.com/zendframework/zf2",
            "keywords": [
                "validator",
                "zf2"
            ],
            "time": "2014-09-16 22:58:11"
        }
    ],
    "packages-dev": [],
    "aliases": [],
    "minimum-stability": "stable",
    "stability-flags": {
        "yiiext/migrate-command": 20,
        "connorvg/laravel-wolframalpha": 20,
        "wapmorgan/time-parser": 20,
        "devristo/phpws": 20
    },
    "prefer-stable": false,
    "prefer-lowest": false,
    "platform": [],
    "platform-dev": []
}
